
Microsoft Visual Studio Solution File, Format Version 12.00
# Visual Studio Version 17
VisualStudioVersion = 17.14.36511.14 d17.14
MinimumVisualStudioVersion = 10.0.40219.1
Project("{FAE04EC0-301F-11D3-BF4B-00C04F79EFBC}") = "StudentsAvalonia", "StudentsAvalonia\StudentsAvalonia.csproj", "{429C12CA-F8E7-4082-B31E-38CCDBF66217}"
EndProject
Global
	GlobalSection(SolutionConfigurationPlatforms) = preSolution
		Debug|Any CPU = Debug|Any CPU
		Release|Any CPU = Release|Any CPU
	EndGlobalSection
	GlobalSection(ProjectConfigurationPlatforms) = postSolution
		{429C12CA-F8E7-4082-B31E-38CCDBF66217}.Debug|Any CPU.ActiveCfg = Debug|Any CPU
		{429C12CA-F8E7-4082-B31E-38CCDBF66217}.Debug|Any CPU.Build.0 = Debug|Any CPU
		{429C12CA-F8E7-4082-B31E-38CCDBF66217}.Release|Any CPU.ActiveCfg = Release|Any CPU
		{429C12CA-F8E7-4082-B31E-38CCDBF66217}.Release|Any CPU.Build.0 = Release|Any CPU
	EndGlobalSection
	GlobalSection(SolutionProperties) = preSolution
		HideSolutionNode = FALSE
	EndGlobalSection
	GlobalSection(ExtensibilityGlobals) = postSolution
		SolutionGuid = {AC06A5DC-7EB2-455F-B2DE-42286186119B}
	EndGlobalSection
EndGlobal
